
Microsoft Visual Studio Solution File, Format Version 12.00
# Visual Studio 15
VisualStudioVersion = 15.0.28307.136
MinimumVisualStudioVersion = 10.0.40219.1
Project("{FAE04EC0-301F-11D3-BF4B-00C04F79EFBC}") = "coronastatistic", "coronastatistic\coronastatistic.csproj", "{7A43FC07-1BE6-4846-8D52-1EE02DDD5D4E}"
EndProject
Global
	GlobalSection(SolutionConfigurationPlatforms) = preSolution
		Debug|Any CPU = Debug|Any CPU
		Release|Any CPU = Release|Any CPU
	EndGlobalSection
	GlobalSection(ProjectConfigurationPlatforms) = postSolution
		{7A43FC07-1BE6-4846-8D52-1EE02DDD5D4E}.Debug|Any CPU.ActiveCfg = Debug|Any CPU
		{7A43FC07-1BE6-4846-8D52-1EE02DDD5D4E}.Debug|Any CPU.Build.0 = Debug|Any CPU
		{7A43FC07-1BE6-4846-8D52-1EE02DDD5D4E}.Release|Any CPU.ActiveCfg = Release|Any CPU
		{7A43FC07-1BE6-4846-8D52-1EE02DDD5D4E}.Release|Any CPU.Build.0 = Release|Any CPU
	EndGlobalSection
	GlobalSection(SolutionProperties) = preSolution
		HideSolutionNode = FALSE
	EndGlobalSection
	GlobalSection(ExtensibilityGlobals) = postSolution
		SolutionGuid = {DC7E684D-5055-461B-93CC-34C769993B6F}
	EndGlobalSection
EndGlobal
